// !$*UTF8*$!
{
	archiveVersion = 1;
	classes = {
	};
	objectVersion = 46;
	objects = {

/* Begin PBXBuildFile section */
		65E292021CA342A1005A6118 /* main.cpp in Sources */ = {isa = PBXBuildFile; fileRef = 65E292011CA342A1005A6118 /* main.cpp */; };
		65E2920A1CA342E9005A6118 /* trie.cpp in Sources */ = {isa = PBXBuildFile; fileRef = 65E292081CA342E9005A6118 /* trie.cpp */; };
		65E2920D1CA6C316005A6118 /* buffer.cpp in Sources */ = {isa = PBXBuildFile; fileRef = 65E2920B1CA6C316005A6118 /* buffer.cpp */; };
		65E2921B1CA6E2C4005A6118 /* trie.cpp in Sources */ = {isa = PBXBuildFile; fileRef = 65E292081CA342E9005A6118 /* trie.cpp */; };
		65E2921C1CA6E2C4005A6118 /* buffer.cpp in Sources */ = {isa = PBXBuildFile; fileRef = 65E2920B1CA6C316005A6118 /* buffer.cpp */; };
		65E2921D1CA6E2C4005A6118 /* buffer_test.cpp in Sources */ = {isa = PBXBuildFile; fileRef = 65E2920E1CA6E196005A6118 /* buffer_test.cpp */; };
		65E292211CA72E60005A6118 /* trie_test.cpp in Sources */ = {isa = PBXBuildFile; fileRef = 65E292201CA72E60005A6118 /* trie_test.cpp */; };
		65E292251CA94E70005A6118 /* test.cpp in Sources */ = {isa = PBXBuildFile; fileRef = 65E292241CA94E70005A6118 /* test.cpp */; };
		65E292281CAAFB6F005A6118 /* util.cpp in Sources */ = {isa = PBXBuildFile; fileRef = 65E292261CAAFB6F005A6118 /* util.cpp */; };
		65E292291CAAFB70005A6118 /* util.cpp in Sources */ = {isa = PBXBuildFile; fileRef = 65E292261CAAFB6F005A6118 /* util.cpp */; };
		65E2922C1CAD7833005A6118 /* counter.cpp in Sources */ = {isa = PBXBuildFile; fileRef = 65E2922A1CAD7833005A6118 /* counter.cpp */; };
		65E2922D1CAD7833005A6118 /* counter.cpp in Sources */ = {isa = PBXBuildFile; fileRef = 65E2922A1CAD7833005A6118 /* counter.cpp */; };
/* End PBXBuildFile section */

/* Begin PBXCopyFilesBuildPhase section */
		65E291FC1CA342A1005A6118 /* CopyFiles */ = {
			isa = PBXCopyFilesBuildPhase;
			buildActionMask = 2147483647;
			dstPath = /usr/share/man/man1/;
			dstSubfolderSpec = 0;
			files = (
			);
			runOnlyForDeploymentPostprocessing = 1;
		};
		65E292121CA6E239005A6118 /* CopyFiles */ = {
			isa = PBXCopyFilesBuildPhase;
			buildActionMask = 2147483647;
			dstPath = /usr/share/man/man1/;
			dstSubfolderSpec = 0;
			files = (
			);
			runOnlyForDeploymentPostprocessing = 1;
		};
/* End PBXCopyFilesBuildPhase section */

/* Begin PBXFileReference section */
		65E291FE1CA342A1005A6118 /* k-mer counter */ = {isa = PBXFileReference; explicitFileType = "compiled.mach-o.executable"; includeInIndex = 0; path = "k-mer counter"; sourceTree = BUILT_PRODUCTS_DIR; };
		65E292011CA342A1005A6118 /* main.cpp */ = {isa = PBXFileReference; lastKnownFileType = sourcecode.cpp.cpp; path = main.cpp; sourceTree = "<group>"; };
		65E292081CA342E9005A6118 /* trie.cpp */ = {isa = PBXFileReference; fileEncoding = 4; lastKnownFileType = sourcecode.cpp.cpp; path = trie.cpp; sourceTree = "<group>"; };
		65E292091CA342E9005A6118 /* trie.hpp */ = {isa = PBXFileReference; fileEncoding = 4; lastKnownFileType = sourcecode.cpp.h; path = trie.hpp; sourceTree = "<group>"; };
		65E2920B1CA6C316005A6118 /* buffer.cpp */ = {isa = PBXFileReference; fileEncoding = 4; lastKnownFileType = sourcecode.cpp.cpp; path = buffer.cpp; sourceTree = "<group>"; };
		65E2920C1CA6C316005A6118 /* buffer.hpp */ = {isa = PBXFileReference; fileEncoding = 4; lastKnownFileType = sourcecode.cpp.h; path = buffer.hpp; sourceTree = "<group>"; };
		65E2920E1CA6E196005A6118 /* buffer_test.cpp */ = {isa = PBXFileReference; fileEncoding = 4; lastKnownFileType = sourcecode.cpp.cpp; path = buffer_test.cpp; sourceTree = "<group>"; };
		65E292141CA6E239005A6118 /* kmer_counter_test */ = {isa = PBXFileReference; explicitFileType = "compiled.mach-o.executable"; includeInIndex = 0; path = kmer_counter_test; sourceTree = BUILT_PRODUCTS_DIR; };
		65E2921F1CA6E3CD005A6118 /* catch.hpp */ = {isa = PBXFileReference; fileEncoding = 4; lastKnownFileType = sourcecode.cpp.h; path = catch.hpp; sourceTree = "<group>"; };
		65E292201CA72E60005A6118 /* trie_test.cpp */ = {isa = PBXFileReference; fileEncoding = 4; lastKnownFileType = sourcecode.cpp.cpp; path = trie_test.cpp; sourceTree = "<group>"; };
		65E292221CA94A6F005A6118 /* Makefile */ = {isa = PBXFileReference; fileEncoding = 4; lastKnownFileType = sourcecode.make; path = Makefile; sourceTree = "<group>"; };
		65E292241CA94E70005A6118 /* test.cpp */ = {isa = PBXFileReference; fileEncoding = 4; lastKnownFileType = sourcecode.cpp.cpp; path = test.cpp; sourceTree = "<group>"; };
		65E292261CAAFB6F005A6118 /* util.cpp */ = {isa = PBXFileReference; fileEncoding = 4; lastKnownFileType = sourcecode.cpp.cpp; path = util.cpp; sourceTree = "<group>"; };
		65E292271CAAFB6F005A6118 /* util.hpp */ = {isa = PBXFileReference; fileEncoding = 4; lastKnownFileType = sourcecode.cpp.h; path = util.hpp; sourceTree = "<group>"; };
		65E2922A1CAD7833005A6118 /* counter.cpp */ = {isa = PBXFileReference; fileEncoding = 4; lastKnownFileType = sourcecode.cpp.cpp; path = counter.cpp; sourceTree = "<group>"; };
		65E2922B1CAD7833005A6118 /* counter.hpp */ = {isa = PBXFileReference; fileEncoding = 4; lastKnownFileType = sourcecode.cpp.h; path = counter.hpp; sourceTree = "<group>"; };
/* End PBXFileReference section */

/* Begin PBXFrameworksBuildPhase section */
		65E291FB1CA342A1005A6118 /* Frameworks */ = {
			isa = PBXFrameworksBuildPhase;
			buildActionMask = 2147483647;
			files = (
			);
			runOnlyForDeploymentPostprocessing = 0;
		};
		65E292111CA6E239005A6118 /* Frameworks */ = {
			isa = PBXFrameworksBuildPhase;
			buildActionMask = 2147483647;
			files = (
			);
			runOnlyForDeploymentPostprocessing = 0;
		};
/* End PBXFrameworksBuildPhase section */

/* Begin PBXGroup section */
		65E291F51CA342A1005A6118 = {
			isa = PBXGroup;
			children = (
				65E292001CA342A1005A6118 /* k-mer counter */,
				65E291FF1CA342A1005A6118 /* Products */,
			);
			sourceTree = "<group>";
		};
		65E291FF1CA342A1005A6118 /* Products */ = {
			isa = PBXGroup;
			children = (
				65E291FE1CA342A1005A6118 /* k-mer counter */,
				65E292141CA6E239005A6118 /* kmer_counter_test */,
			);
			name = Products;
			sourceTree = "<group>";
		};
		65E292001CA342A1005A6118 /* k-mer counter */ = {
			isa = PBXGroup;
			children = (
				65E292221CA94A6F005A6118 /* Makefile */,
				65E2921F1CA6E3CD005A6118 /* catch.hpp */,
				65E292011CA342A1005A6118 /* main.cpp */,
				65E292081CA342E9005A6118 /* trie.cpp */,
				65E292201CA72E60005A6118 /* trie_test.cpp */,
				65E292091CA342E9005A6118 /* trie.hpp */,
				65E2920B1CA6C316005A6118 /* buffer.cpp */,
				65E2920C1CA6C316005A6118 /* buffer.hpp */,
				65E2920E1CA6E196005A6118 /* buffer_test.cpp */,
				65E292241CA94E70005A6118 /* test.cpp */,
				65E292261CAAFB6F005A6118 /* util.cpp */,
				65E292271CAAFB6F005A6118 /* util.hpp */,
				65E2922A1CAD7833005A6118 /* counter.cpp */,
				65E2922B1CAD7833005A6118 /* counter.hpp */,
			);
			path = "k-mer counter";
			sourceTree = "<group>";
		};
/* End PBXGroup section */

/* Begin PBXNativeTarget section */
		65E291FD1CA342A1005A6118 /* k-mer counter */ = {
			isa = PBXNativeTarget;
			buildConfigurationList = 65E292051CA342A1005A6118 /* Build configuration list for PBXNativeTarget "k-mer counter" */;
			buildPhases = (
				65E291FA1CA342A1005A6118 /* Sources */,
				65E291FB1CA342A1005A6118 /* Frameworks */,
				65E291FC1CA342A1005A6118 /* CopyFiles */,
			);
			buildRules = (
			);
			dependencies = (
			);
			name = "k-mer counter";
			productName = "k-mer counter";
			productReference = 65E291FE1CA342A1005A6118 /* k-mer counter */;
			productType = "com.apple.product-type.tool";
		};
		65E292131CA6E239005A6118 /* kmer_counter_test */ = {
			isa = PBXNativeTarget;
			buildConfigurationList = 65E292181CA6E239005A6118 /* Build configuration list for PBXNativeTarget "kmer_counter_test" */;
			buildPhases = (
				65E292101CA6E239005A6118 /* Sources */,
				65E292111CA6E239005A6118 /* Frameworks */,
				65E292121CA6E239005A6118 /* CopyFiles */,
			);
			buildRules = (
			);
			dependencies = (
			);
			name = kmer_counter_test;
			productName = kmer_counter_test;
			productReference = 65E292141CA6E239005A6118 /* kmer_counter_test */;
			productType = "com.apple.product-type.tool";
		};
/* End PBXNativeTarget section */

/* Begin PBXProject section */
		65E291F61CA342A1005A6118 /* Project object */ = {
			isa = PBXProject;
			attributes = {
				LastUpgradeCheck = 0730;
				ORGANIZATIONNAME = "Daniel Dalquen";
				TargetAttributes = {
					65E291FD1CA342A1005A6118 = {
						CreatedOnToolsVersion = 7.3;
					};
					65E292131CA6E239005A6118 = {
						CreatedOnToolsVersion = 7.3;
					};
				};
			};
			buildConfigurationList = 65E291F91CA342A1005A6118 /* Build configuration list for PBXProject "k-mer counter" */;
			compatibilityVersion = "Xcode 3.2";
			developmentRegion = English;
			hasScannedForEncodings = 0;
			knownRegions = (
				en,
			);
			mainGroup = 65E291F51CA342A1005A6118;
			productRefGroup = 65E291FF1CA342A1005A6118 /* Products */;
			projectDirPath = "";
			projectRoot = "";
			targets = (
				65E291FD1CA342A1005A6118 /* k-mer counter */,
				65E292131CA6E239005A6118 /* kmer_counter_test */,
			);
		};
/* End PBXProject section */

/* Begin PBXSourcesBuildPhase section */
		65E291FA1CA342A1005A6118 /* Sources */ = {
			isa = PBXSourcesBuildPhase;
			buildActionMask = 2147483647;
			files = (
				65E2920D1CA6C316005A6118 /* buffer.cpp in Sources */,
				65E2922C1CAD7833005A6118 /* counter.cpp in Sources */,
				65E292021CA342A1005A6118 /* main.cpp in Sources */,
				65E2920A1CA342E9005A6118 /* trie.cpp in Sources */,
				65E292281CAAFB6F005A6118 /* util.cpp in Sources */,
			);
			runOnlyForDeploymentPostprocessing = 0;
		};
		65E292101CA6E239005A6118 /* Sources */ = {
			isa = PBXSourcesBuildPhase;
			buildActionMask = 2147483647;
			files = (
				65E2922D1CAD7833005A6118 /* counter.cpp in Sources */,
				65E2921B1CA6E2C4005A6118 /* trie.cpp in Sources */,
				65E292211CA72E60005A6118 /* trie_test.cpp in Sources */,
				65E2921C1CA6E2C4005A6118 /* buffer.cpp in Sources */,
				65E292251CA94E70005A6118 /* test.cpp in Sources */,
				65E2921D1CA6E2C4005A6118 /* buffer_test.cpp in Sources */,
				65E292291CAAFB70005A6118 /* util.cpp in Sources */,
			);
			runOnlyForDeploymentPostprocessing = 0;
		};
/* End PBXSourcesBuildPhase section */

/* Begin XCBuildConfiguration section */
		65E292031CA342A1005A6118 /* Debug */ = {
			isa = XCBuildConfiguration;
			buildSettings = {
				ALWAYS_SEARCH_USER_PATHS = NO;
				CLANG_ANALYZER_NONNULL = YES;
				CLANG_CXX_LANGUAGE_STANDARD = "gnu++0x";
				CLANG_CXX_LIBRARY = "libc++";
				CLANG_ENABLE_MODULES = YES;
				CLANG_ENABLE_OBJC_ARC = YES;
				CLANG_WARN_BOOL_CONVERSION = YES;
				CLANG_WARN_CONSTANT_CONVERSION = YES;
				CLANG_WARN_DIRECT_OBJC_ISA_USAGE = YES_ERROR;
				CLANG_WARN_EMPTY_BODY = YES;
				CLANG_WARN_ENUM_CONVERSION = YES;
				CLANG_WARN_INT_CONVERSION = YES;
				CLANG_WARN_OBJC_ROOT_CLASS = YES_ERROR;
				CLANG_WARN_UNREACHABLE_CODE = YES;
				CLANG_WARN__DUPLICATE_METHOD_MATCH = YES;
				CODE_SIGN_IDENTITY = "-";
				COPY_PHASE_STRIP = NO;
				DEBUG_INFORMATION_FORMAT = dwarf;
				ENABLE_STRICT_OBJC_MSGSEND = YES;
				ENABLE_TESTABILITY = YES;
				GCC_C_LANGUAGE_STANDARD = gnu99;
				GCC_DYNAMIC_NO_PIC = NO;
				GCC_NO_COMMON_BLOCKS = YES;
				GCC_OPTIMIZATION_LEVEL = 0;
				GCC_PREPROCESSOR_DEFINITIONS = (
					"DEBUG=1",
					"$(inherited)",
				);
				GCC_WARN_64_TO_32_BIT_CONVERSION = YES;
				GCC_WARN_ABOUT_RETURN_TYPE = YES_ERROR;
				GCC_WARN_UNDECLARED_SELECTOR = YES;
				GCC_WARN_UNINITIALIZED_AUTOS = YES_AGGRESSIVE;
				GCC_WARN_UNUSED_FUNCTION = YES;
				GCC_WARN_UNUSED_VARIABLE = YES;
				MACOSX_DEPLOYMENT_TARGET = 10.11;
				MTL_ENABLE_DEBUG_INFO = YES;
				ONLY_ACTIVE_ARCH = YES;
				SDKROOT = macosx;
			};
			name = Debug;
		};
		65E292041CA342A1005A6118 /* Release */ = {
			isa = XCBuildConfiguration;
			buildSettings = {
				ALWAYS_SEARCH_USER_PATHS = NO;
				CLANG_ANALYZER_NONNULL = YES;
				CLANG_CXX_LANGUAGE_STANDARD = "gnu++0x";
				CLANG_CXX_LIBRARY = "libc++";
				CLANG_ENABLE_MODULES = YES;
				CLANG_ENABLE_OBJC_ARC = YES;
				CLANG_WARN_BOOL_CONVERSION = YES;
				CLANG_WARN_CONSTANT_CONVERSION = YES;
				CLANG_WARN_DIRECT_OBJC_ISA_USAGE = YES_ERROR;
				CLANG_WARN_EMPTY_BODY = YES;
				CLANG_WARN_ENUM_CONVERSION = YES;
				CLANG_WARN_INT_CONVERSION = YES;
				CLANG_WARN_OBJC_ROOT_CLASS = YES_ERROR;
				CLANG_WARN_UNREACHABLE_CODE = YES;
				CLANG_WARN__DUPLICATE_METHOD_MATCH = YES;
				CODE_SIGN_IDENTITY = "-";
				COPY_PHASE_STRIP = NO;
				DEBUG_INFORMATION_FORMAT = "dwarf-with-dsym";
				ENABLE_NS_ASSERTIONS = NO;
				ENABLE_STRICT_OBJC_MSGSEND = YES;
				GCC_C_LANGUAGE_STANDARD = gnu99;
				GCC_NO_COMMON_BLOCKS = YES;
				GCC_WARN_64_TO_32_BIT_CONVERSION = YES;
				GCC_WARN_ABOUT_RETURN_TYPE = YES_ERROR;
				GCC_WARN_UNDECLARED_SELECTOR = YES;
				GCC_WARN_UNINITIALIZED_AUTOS = YES_AGGRESSIVE;
				GCC_WARN_UNUSED_FUNCTION = YES;
				GCC_WARN_UNUSED_VARIABLE = YES;
				MACOSX_DEPLOYMENT_TARGET = 10.11;
				MTL_ENABLE_DEBUG_INFO = NO;
				SDKROOT = macosx;
			};
			name = Release;
		};
		65E292061CA342A1005A6118 /* Debug */ = {
			isa = XCBuildConfiguration;
			buildSettings = {
				HEADER_SEARCH_PATHS = /usr/local/include;
				LIBRARY_SEARCH_PATHS = /usr/local/lib;
				PRODUCT_NAME = "$(TARGET_NAME)";
			};
			name = Debug;
		};
		65E292071CA342A1005A6118 /* Release */ = {
			isa = XCBuildConfiguration;
			buildSettings = {
				HEADER_SEARCH_PATHS = /usr/local/include;
				LIBRARY_SEARCH_PATHS = /usr/local/lib;
				PRODUCT_NAME = "$(TARGET_NAME)";
			};
			name = Release;
		};
		65E292191CA6E239005A6118 /* Debug */ = {
			isa = XCBuildConfiguration;
			buildSettings = {
				HEADER_SEARCH_PATHS = /usr/local/include;
				LIBRARY_SEARCH_PATHS = /usr/local/lib;
				PRODUCT_NAME = "$(TARGET_NAME)";
			};
			name = Debug;
		};
		65E2921A1CA6E239005A6118 /* Release */ = {
			isa = XCBuildConfiguration;
			buildSettings = {
				HEADER_SEARCH_PATHS = /usr/local/include;
				LIBRARY_SEARCH_PATHS = /usr/local/lib;
				PRODUCT_NAME = "$(TARGET_NAME)";
			};
			name = Release;
		};
/* End XCBuildConfiguration section */

/* Begin XCConfigurationList section */
		65E291F91CA342A1005A6118 /* Build configuration list for PBXProject "k-mer counter" */ = {
			isa = XCConfigurationList;
			buildConfigurations = (
				65E292031CA342A1005A6118 /* Debug */,
				65E292041CA342A1005A6118 /* Release */,
			);
			defaultConfigurationIsVisible = 0;
			defaultConfigurationName = Release;
		};
		65E292051CA342A1005A6118 /* Build configuration list for PBXNativeTarget "k-mer counter" */ = {
			isa = XCConfigurationList;
			buildConfigurations = (
				65E292061CA342A1005A6118 /* Debug */,
				65E292071CA342A1005A6118 /* Release */,
			);
			defaultConfigurationIsVisible = 0;
		};
		65E292181CA6E239005A6118 /* Build configuration list for PBXNativeTarget "kmer_counter_test" */ = {
			isa = XCConfigurationList;
			buildConfigurations = (
				65E292191CA6E239005A6118 /* Debug */,
				65E2921A1CA6E239005A6118 /* Release */,
			);
			defaultConfigurationIsVisible = 0;
		};
/* End XCConfigurationList section */
	};
	rootObject = 65E291F61CA342A1005A6118 /* Project object */;
}
